
Microsoft Visual Studio Solution File, Format Version 12.00
# Visual Studio Version 17
VisualStudioVersion = 17.8.34309.116
MinimumVisualStudioVersion = 10.0.40219.1
Project("{FAE04EC0-301F-11D3-BF4B-00C04F79EFBC}") = "CA231121", "CA231121.csproj", "{1A73616F-3F42-4890-827E-B9CC1A98C7EB}"
EndProject
Global
	GlobalSection(SolutionConfigurationPlatforms) = preSolution
		Debug|Any CPU = Debug|Any CPU
		Release|Any CPU = Release|Any CPU
	EndGlobalSection
	GlobalSection(ProjectConfigurationPlatforms) = postSolution
		{1A73616F-3F42-4890-827E-B9CC1A98C7EB}.Debug|Any CPU.ActiveCfg = Debug|Any CPU
		{1A73616F-3F42-4890-827E-B9CC1A98C7EB}.Debug|Any CPU.Build.0 = Debug|Any CPU
		{1A73616F-3F42-4890-827E-B9CC1A98C7EB}.Release|Any CPU.ActiveCfg = Release|Any CPU
		{1A73616F-3F42-4890-827E-B9CC1A98C7EB}.Release|Any CPU.Build.0 = Release|Any CPU
	EndGlobalSection
	GlobalSection(SolutionProperties) = preSolution
		HideSolutionNode = FALSE
	EndGlobalSection
	GlobalSection(ExtensibilityGlobals) = postSolution
		SolutionGuid = {4C645230-142C-4860-9997-4CF1523BBABA}
	EndGlobalSection
EndGlobal
